
Microsoft Visual Studio Solution File, Format Version 12.00
# Visual Studio Version 17
VisualStudioVersion = 17.7.34024.191
MinimumVisualStudioVersion = 10.0.40219.1
Project("{FAE04EC0-301F-11D3-BF4B-00C04F79EFBC}") = "Лабораторная2(Убейтенаспж)", "Лабораторная2(Убейтенаспж)\Лабораторная2(Убейтенаспж).csproj", "{1B46DC38-7104-4CFA-801F-49E8D7D8473A}"
EndProject
Global
	GlobalSection(SolutionConfigurationPlatforms) = preSolution
		Debug|Any CPU = Debug|Any CPU
		Release|Any CPU = Release|Any CPU
	EndGlobalSection
	GlobalSection(ProjectConfigurationPlatforms) = postSolution
		{1B46DC38-7104-4CFA-801F-49E8D7D8473A}.Debug|Any CPU.ActiveCfg = Debug|Any CPU
		{1B46DC38-7104-4CFA-801F-49E8D7D8473A}.Debug|Any CPU.Build.0 = Debug|Any CPU
		{1B46DC38-7104-4CFA-801F-49E8D7D8473A}.Release|Any CPU.ActiveCfg = Release|Any CPU
		{1B46DC38-7104-4CFA-801F-49E8D7D8473A}.Release|Any CPU.Build.0 = Release|Any CPU
	EndGlobalSection
	GlobalSection(SolutionProperties) = preSolution
		HideSolutionNode = FALSE
	EndGlobalSection
	GlobalSection(ExtensibilityGlobals) = postSolution
		SolutionGuid = {1C8FFA44-0C90-4C44-AE34-E29682FDA466}
	EndGlobalSection
EndGlobal
